
Microsoft Visual Studio Solution File, Format Version 12.00
# Visual Studio Version 17
VisualStudioVersion = 17.5.002.0
MinimumVisualStudioVersion = 10.0.40219.1
Project("{9A19103F-16F7-4668-BE54-9A1E7A4F7556}") = "OurDoorsApp", "OurDoorsApp\OurDoorsApp.csproj", "{94390AE8-8B78-40A1-A259-8028D41A425B}"
EndProject
Project("{9A19103F-16F7-4668-BE54-9A1E7A4F7556}") = "OurDoorsTests", "OurDoorsTests\OurDoorsTests.csproj", "{8DF0380E-E7C4-40BC-A3D9-1CBABBDE93C0}"
EndProject
Global
	GlobalSection(SolutionConfigurationPlatforms) = preSolution
		Debug|Any CPU = Debug|Any CPU
		Release|Any CPU = Release|Any CPU
	EndGlobalSection
	GlobalSection(ProjectConfigurationPlatforms) = postSolution
		{94390AE8-8B78-40A1-A259-8028D41A425B}.Debug|Any CPU.ActiveCfg = Debug|Any CPU
		{94390AE8-8B78-40A1-A259-8028D41A425B}.Debug|Any CPU.Build.0 = Debug|Any CPU
		{94390AE8-8B78-40A1-A259-8028D41A425B}.Release|Any CPU.ActiveCfg = Release|Any CPU
		{94390AE8-8B78-40A1-A259-8028D41A425B}.Release|Any CPU.Build.0 = Release|Any CPU
		{8DF0380E-E7C4-40BC-A3D9-1CBABBDE93C0}.Debug|Any CPU.ActiveCfg = Debug|Any CPU
		{8DF0380E-E7C4-40BC-A3D9-1CBABBDE93C0}.Debug|Any CPU.Build.0 = Debug|Any CPU
		{8DF0380E-E7C4-40BC-A3D9-1CBABBDE93C0}.Release|Any CPU.ActiveCfg = Release|Any CPU
		{8DF0380E-E7C4-40BC-A3D9-1CBABBDE93C0}.Release|Any CPU.Build.0 = Release|Any CPU
	EndGlobalSection
	GlobalSection(SolutionProperties) = preSolution
		HideSolutionNode = FALSE
	EndGlobalSection
	GlobalSection(ExtensibilityGlobals) = postSolution
		SolutionGuid = {BDCEB703-D31D-491C-A055-4616BA9E2517}
	EndGlobalSection
EndGlobal
